
Microsoft Visual Studio Solution File, Format Version 12.00
# Visual Studio Version 17
VisualStudioVersion = 17.7.34031.279
MinimumVisualStudioVersion = 10.0.40219.1
Project("{FAE04EC0-301F-11D3-BF4B-00C04F79EFBC}") = "RevitWithWPF", "RevitWithWPF\RevitWithWPF.csproj", "{64C4273B-FBF8-4314-83FD-02BBBEDF8ACD}"
EndProject
Global
	GlobalSection(SolutionConfigurationPlatforms) = preSolution
		Debug|Any CPU = Debug|Any CPU
		Release|Any CPU = Release|Any CPU
	EndGlobalSection
	GlobalSection(ProjectConfigurationPlatforms) = postSolution
		{64C4273B-FBF8-4314-83FD-02BBBEDF8ACD}.Debug|Any CPU.ActiveCfg = Debug|Any CPU
		{64C4273B-FBF8-4314-83FD-02BBBEDF8ACD}.Debug|Any CPU.Build.0 = Debug|Any CPU
		{64C4273B-FBF8-4314-83FD-02BBBEDF8ACD}.Release|Any CPU.ActiveCfg = Release|Any CPU
		{64C4273B-FBF8-4314-83FD-02BBBEDF8ACD}.Release|Any CPU.Build.0 = Release|Any CPU
	EndGlobalSection
	GlobalSection(SolutionProperties) = preSolution
		HideSolutionNode = FALSE
	EndGlobalSection
	GlobalSection(ExtensibilityGlobals) = postSolution
		SolutionGuid = {0758B944-F197-4276-9091-959C141AF494}
	EndGlobalSection
EndGlobal
